// !$*UTF8*$!
{
	archiveVersion = 1;
	classes = {
	};
	objectVersion = 48;
	objects = {

/* Begin PBXBuildFile section */
		DB049DE82019FB0C0078D134 /* AppDelegate.swift in Sources */ = {isa = PBXBuildFile; fileRef = DB049DE72019FB0C0078D134 /* AppDelegate.swift */; };
		DB049DEA2019FB0C0078D134 /* ViewController.swift in Sources */ = {isa = PBXBuildFile; fileRef = DB049DE92019FB0C0078D134 /* ViewController.swift */; };
		DB049DED2019FB0C0078D134 /* Main.storyboard in Resources */ = {isa = PBXBuildFile; fileRef = DB049DEB2019FB0C0078D134 /* Main.storyboard */; };
		DB049DEF2019FB0C0078D134 /* Assets.xcassets in Resources */ = {isa = PBXBuildFile; fileRef = DB049DEE2019FB0C0078D134 /* Assets.xcassets */; };
		DB049DF22019FB0C0078D134 /* LaunchScreen.storyboard in Resources */ = {isa = PBXBuildFile; fileRef = DB049DF02019FB0C0078D134 /* LaunchScreen.storyboard */; };
		DB049DFA2019FD6F0078D134 /* UIColorExtension.swift in Sources */ = {isa = PBXBuildFile; fileRef = DB049DF92019FD6F0078D134 /* UIColorExtension.swift */; };
		DB0C37D5201A4820007DAA46 /* Tools.swift in Sources */ = {isa = PBXBuildFile; fileRef = DB0C37D4201A4820007DAA46 /* Tools.swift */; };
		DB0C37E1201A4D85007DAA46 /* AllCatsTableViewController.swift in Sources */ = {isa = PBXBuildFile; fileRef = DB0C37E0201A4D85007DAA46 /* AllCatsTableViewController.swift */; };
		DB0C37E3201A4D9B007DAA46 /* CatTableViewCell.swift in Sources */ = {isa = PBXBuildFile; fileRef = DB0C37E2201A4D9B007DAA46 /* CatTableViewCell.swift */; };
		DB0C37E6201A4FFD007DAA46 /* Cat.swift in Sources */ = {isa = PBXBuildFile; fileRef = DB0C37E5201A4FFD007DAA46 /* Cat.swift */; };
		DB0C37E8201B4CB9007DAA46 /* NotificationsManager.swift in Sources */ = {isa = PBXBuildFile; fileRef = DB0C37E7201B4CB9007DAA46 /* NotificationsManager.swift */; };
		DBD9D1BD201A0FBF00EDAC85 /* UICustomView.swift in Sources */ = {isa = PBXBuildFile; fileRef = DBD9D1BC201A0FBF00EDAC85 /* UICustomView.swift */; };
		DBD9D1BF201A250300EDAC85 /* CutView.swift in Sources */ = {isa = PBXBuildFile; fileRef = DBD9D1BE201A250300EDAC85 /* CutView.swift */; };
/* End PBXBuildFile section */

/* Begin PBXFileReference section */
		DB049DE42019FB0C0078D134 /* Catmash.app */ = {isa = PBXFileReference; explicitFileType = wrapper.application; includeInIndex = 0; path = Catmash.app; sourceTree = BUILT_PRODUCTS_DIR; };
		DB049DE72019FB0C0078D134 /* AppDelegate.swift */ = {isa = PBXFileReference; lastKnownFileType = sourcecode.swift; path = AppDelegate.swift; sourceTree = "<group>"; };
		DB049DE92019FB0C0078D134 /* ViewController.swift */ = {isa = PBXFileReference; lastKnownFileType = sourcecode.swift; path = ViewController.swift; sourceTree = "<group>"; };
		DB049DEC2019FB0C0078D134 /* Base */ = {isa = PBXFileReference; lastKnownFileType = file.storyboard; name = Base; path = Base.lproj/Main.storyboard; sourceTree = "<group>"; };
		DB049DEE2019FB0C0078D134 /* Assets.xcassets */ = {isa = PBXFileReference; lastKnownFileType = folder.assetcatalog; path = Assets.xcassets; sourceTree = "<group>"; };
		DB049DF12019FB0C0078D134 /* Base */ = {isa = PBXFileReference; lastKnownFileType = file.storyboard; name = Base; path = Base.lproj/LaunchScreen.storyboard; sourceTree = "<group>"; };
		DB049DF32019FB0C0078D134 /* Info.plist */ = {isa = PBXFileReference; lastKnownFileType = text.plist.xml; path = Info.plist; sourceTree = "<group>"; };
		DB049DF92019FD6F0078D134 /* UIColorExtension.swift */ = {isa = PBXFileReference; lastKnownFileType = sourcecode.swift; path = UIColorExtension.swift; sourceTree = "<group>"; };
		DB0C37D4201A4820007DAA46 /* Tools.swift */ = {isa = PBXFileReference; lastKnownFileType = sourcecode.swift; path = Tools.swift; sourceTree = "<group>"; };
		DB0C37E0201A4D85007DAA46 /* AllCatsTableViewController.swift */ = {isa = PBXFileReference; lastKnownFileType = sourcecode.swift; path = AllCatsTableViewController.swift; sourceTree = "<group>"; };
		DB0C37E2201A4D9B007DAA46 /* CatTableViewCell.swift */ = {isa = PBXFileReference; lastKnownFileType = sourcecode.swift; path = CatTableViewCell.swift; sourceTree = "<group>"; };
		DB0C37E5201A4FFD007DAA46 /* Cat.swift */ = {isa = PBXFileReference; lastKnownFileType = sourcecode.swift; path = Cat.swift; sourceTree = "<group>"; };
		DB0C37E7201B4CB9007DAA46 /* NotificationsManager.swift */ = {isa = PBXFileReference; lastKnownFileType = sourcecode.swift; path = NotificationsManager.swift; sourceTree = "<group>"; };
		DBD9D1BC201A0FBF00EDAC85 /* UICustomView.swift */ = {isa = PBXFileReference; lastKnownFileType = sourcecode.swift; path = UICustomView.swift; sourceTree = "<group>"; };
		DBD9D1BE201A250300EDAC85 /* CutView.swift */ = {isa = PBXFileReference; lastKnownFileType = sourcecode.swift; path = CutView.swift; sourceTree = "<group>"; };
/* End PBXFileReference section */

/* Begin PBXFrameworksBuildPhase section */
		DB049DE12019FB0C0078D134 /* Frameworks */ = {
			isa = PBXFrameworksBuildPhase;
			buildActionMask = 2147483647;
			files = (
			);
			runOnlyForDeploymentPostprocessing = 0;
		};
/* End PBXFrameworksBuildPhase section */

/* Begin PBXGroup section */
		DB049DDB2019FB0C0078D134 = {
			isa = PBXGroup;
			children = (
				DB049DE62019FB0C0078D134 /* Catmash */,
				DB049DE52019FB0C0078D134 /* Products */,
			);
			sourceTree = "<group>";
		};
		DB049DE52019FB0C0078D134 /* Products */ = {
			isa = PBXGroup;
			children = (
				DB049DE42019FB0C0078D134 /* Catmash.app */,
			);
			name = Products;
			sourceTree = "<group>";
		};
		DB049DE62019FB0C0078D134 /* Catmash */ = {
			isa = PBXGroup;
			children = (
				DB049DE72019FB0C0078D134 /* AppDelegate.swift */,
				DB0C37D3201A480B007DAA46 /* Tools */,
				DB0C37C8201A4742007DAA46 /* Extensions */,
				DB0C37E4201A4FEE007DAA46 /* Models */,
				DB0C37C9201A474C007DAA46 /* CustomUI */,
				DB0C37C7201A4731007DAA46 /* Storyboards */,
				DB049DEE2019FB0C0078D134 /* Assets.xcassets */,
				DB049DF32019FB0C0078D134 /* Info.plist */,
			);
			path = Catmash;
			sourceTree = "<group>";
		};
		DB0C37C7201A4731007DAA46 /* Storyboards */ = {
			isa = PBXGroup;
			children = (
				DB049DF02019FB0C0078D134 /* LaunchScreen.storyboard */,
				DB049DEB2019FB0C0078D134 /* Main.storyboard */,
				DB049DE92019FB0C0078D134 /* ViewController.swift */,
				DB0C37E0201A4D85007DAA46 /* AllCatsTableViewController.swift */,
				DB0C37E2201A4D9B007DAA46 /* CatTableViewCell.swift */,
			);
			path = Storyboards;
			sourceTree = "<group>";
		};
		DB0C37C8201A4742007DAA46 /* Extensions */ = {
			isa = PBXGroup;
			children = (
				DB049DF92019FD6F0078D134 /* UIColorExtension.swift */,
			);
			path = Extensions;
			sourceTree = "<group>";
		};
		DB0C37C9201A474C007DAA46 /* CustomUI */ = {
			isa = PBXGroup;
			children = (
				DBD9D1BC201A0FBF00EDAC85 /* UICustomView.swift */,
				DBD9D1BE201A250300EDAC85 /* CutView.swift */,
			);
			path = CustomUI;
			sourceTree = "<group>";
		};
		DB0C37D3201A480B007DAA46 /* Tools */ = {
			isa = PBXGroup;
			children = (
				DB0C37D4201A4820007DAA46 /* Tools.swift */,
				DB0C37E7201B4CB9007DAA46 /* NotificationsManager.swift */,
			);
			path = Tools;
			sourceTree = "<group>";
		};
		DB0C37E4201A4FEE007DAA46 /* Models */ = {
			isa = PBXGroup;
			children = (
				DB0C37E5201A4FFD007DAA46 /* Cat.swift */,
			);
			path = Models;
			sourceTree = "<group>";
		};
/* End PBXGroup section */

/* Begin PBXNativeTarget section */
		DB049DE32019FB0C0078D134 /* Catmash */ = {
			isa = PBXNativeTarget;
			buildConfigurationList = DB049DF62019FB0C0078D134 /* Build configuration list for PBXNativeTarget "Catmash" */;
			buildPhases = (
				DB049DE02019FB0C0078D134 /* Sources */,
				DB049DE12019FB0C0078D134 /* Frameworks */,
				DB049DE22019FB0C0078D134 /* Resources */,
			);
			buildRules = (
			);
			dependencies = (
			);
			name = Catmash;
			productName = Catmash;
			productReference = DB049DE42019FB0C0078D134 /* Catmash.app */;
			productType = "com.apple.product-type.application";
		};
/* End PBXNativeTarget section */

/* Begin PBXProject section */
		DB049DDC2019FB0C0078D134 /* Project object */ = {
			isa = PBXProject;
			attributes = {
				LastSwiftUpdateCheck = 0920;
				LastUpgradeCheck = 0920;
				ORGANIZATIONNAME = acontass;
				TargetAttributes = {
					DB049DE32019FB0C0078D134 = {
						CreatedOnToolsVersion = 9.2;
						ProvisioningStyle = Automatic;
					};
				};
			};
			buildConfigurationList = DB049DDF2019FB0C0078D134 /* Build configuration list for PBXProject "Catmash" */;
			compatibilityVersion = "Xcode 8.0";
			developmentRegion = en;
			hasScannedForEncodings = 0;
			knownRegions = (
				en,
				Base,
			);
			mainGroup = DB049DDB2019FB0C0078D134;
			productRefGroup = DB049DE52019FB0C0078D134 /* Products */;
			projectDirPath = "";
			projectRoot = "";
			targets = (
				DB049DE32019FB0C0078D134 /* Catmash */,
			);
		};
/* End PBXProject section */

/* Begin PBXResourcesBuildPhase section */
		DB049DE22019FB0C0078D134 /* Resources */ = {
			isa = PBXResourcesBuildPhase;
			buildActionMask = 2147483647;
			files = (
				DB049DF22019FB0C0078D134 /* LaunchScreen.storyboard in Resources */,
				DB049DEF2019FB0C0078D134 /* Assets.xcassets in Resources */,
				DB049DED2019FB0C0078D134 /* Main.storyboard in Resources */,
			);
			runOnlyForDeploymentPostprocessing = 0;
		};
/* End PBXResourcesBuildPhase section */

/* Begin PBXSourcesBuildPhase section */
		DB049DE02019FB0C0078D134 /* Sources */ = {
			isa = PBXSourcesBuildPhase;
			buildActionMask = 2147483647;
			files = (
				DB049DEA2019FB0C0078D134 /* ViewController.swift in Sources */,
				DB049DE82019FB0C0078D134 /* AppDelegate.swift in Sources */,
				DB0C37E6201A4FFD007DAA46 /* Cat.swift in Sources */,
				DBD9D1BD201A0FBF00EDAC85 /* UICustomView.swift in Sources */,
				DB0C37D5201A4820007DAA46 /* Tools.swift in Sources */,
				DB0C37E1201A4D85007DAA46 /* AllCatsTableViewController.swift in Sources */,
				DB049DFA2019FD6F0078D134 /* UIColorExtension.swift in Sources */,
				DB0C37E3201A4D9B007DAA46 /* CatTableViewCell.swift in Sources */,
				DB0C37E8201B4CB9007DAA46 /* NotificationsManager.swift in Sources */,
				DBD9D1BF201A250300EDAC85 /* CutView.swift in Sources */,
			);
			runOnlyForDeploymentPostprocessing = 0;
		};
/* End PBXSourcesBuildPhase section */

/* Begin PBXVariantGroup section */
		DB049DEB2019FB0C0078D134 /* Main.storyboard */ = {
			isa = PBXVariantGroup;
			children = (
				DB049DEC2019FB0C0078D134 /* Base */,
			);
			name = Main.storyboard;
			sourceTree = "<group>";
		};
		DB049DF02019FB0C0078D134 /* LaunchScreen.storyboard */ = {
			isa = PBXVariantGroup;
			children = (
				DB049DF12019FB0C0078D134 /* Base */,
			);
			name = LaunchScreen.storyboard;
			sourceTree = "<group>";
		};
/* End PBXVariantGroup section */

/* Begin XCBuildConfiguration section */
		DB049DF42019FB0C0078D134 /* Debug */ = {
			isa = XCBuildConfiguration;
			buildSettings = {
				ALWAYS_SEARCH_USER_PATHS = NO;
				CLANG_ANALYZER_NONNULL = YES;
				CLANG_ANALYZER_NUMBER_OBJECT_CONVERSION = YES_AGGRESSIVE;
				CLANG_CXX_LANGUAGE_STANDARD = "gnu++14";
				CLANG_CXX_LIBRARY = "libc++";
				CLANG_ENABLE_MODULES = YES;
				CLANG_ENABLE_OBJC_ARC = YES;
				CLANG_WARN_BLOCK_CAPTURE_AUTORELEASING = YES;
				CLANG_WARN_BOOL_CONVERSION = YES;
				CLANG_WARN_COMMA = YES;
				CLANG_WARN_CONSTANT_CONVERSION = YES;
				CLANG_WARN_DIRECT_OBJC_ISA_USAGE = YES_ERROR;
				CLANG_WARN_DOCUMENTATION_COMMENTS = YES;
				CLANG_WARN_EMPTY_BODY = YES;
				CLANG_WARN_ENUM_CONVERSION = YES;
				CLANG_WARN_INFINITE_RECURSION = YES;
				CLANG_WARN_INT_CONVERSION = YES;
				CLANG_WARN_NON_LITERAL_NULL_CONVERSION = YES;
				CLANG_WARN_OBJC_LITERAL_CONVERSION = YES;
				CLANG_WARN_OBJC_ROOT_CLASS = YES_ERROR;
				CLANG_WARN_RANGE_LOOP_ANALYSIS = YES;
				CLANG_WARN_STRICT_PROTOTYPES = YES;
				CLANG_WARN_SUSPICIOUS_MOVE = YES;
				CLANG_WARN_UNGUARDED_AVAILABILITY = YES_AGGRESSIVE;
				CLANG_WARN_UNREACHABLE_CODE = YES;
				CLANG_WARN__DUPLICATE_METHOD_MATCH = YES;
				CODE_SIGN_IDENTITY = "iPhone Developer";
				COPY_PHASE_STRIP = NO;
				DEBUG_INFORMATION_FORMAT = dwarf;
				ENABLE_STRICT_OBJC_MSGSEND = YES;
				ENABLE_TESTABILITY = YES;
				GCC_C_LANGUAGE_STANDARD = gnu11;
				GCC_DYNAMIC_NO_PIC = NO;
				GCC_NO_COMMON_BLOCKS = YES;
				GCC_OPTIMIZATION_LEVEL = 0;
				GCC_PREPROCESSOR_DEFINITIONS = (
					"DEBUG=1",
					"$(inherited)",
				);
				GCC_WARN_64_TO_32_BIT_CONVERSION = YES;
				GCC_WARN_ABOUT_RETURN_TYPE = YES_ERROR;
				GCC_WARN_UNDECLARED_SELECTOR = YES;
				GCC_WARN_UNINITIALIZED_AUTOS = YES_AGGRESSIVE;
				GCC_WARN_UNUSED_FUNCTION = YES;
				GCC_WARN_UNUSED_VARIABLE = YES;
				IPHONEOS_DEPLOYMENT_TARGET = 11.2;
				MTL_ENABLE_DEBUG_INFO = YES;
				ONLY_ACTIVE_ARCH = YES;
				SDKROOT = iphoneos;
				SWIFT_ACTIVE_COMPILATION_CONDITIONS = DEBUG;
				SWIFT_OPTIMIZATION_LEVEL = "-Onone";
			};
			name = Debug;
		};
		DB049DF52019FB0C0078D134 /* Release */ = {
			isa = XCBuildConfiguration;
			buildSettings = {
				ALWAYS_SEARCH_USER_PATHS = NO;
				CLANG_ANALYZER_NONNULL = YES;
				CLANG_ANALYZER_NUMBER_OBJECT_CONVERSION = YES_AGGRESSIVE;
				CLANG_CXX_LANGUAGE_STANDARD = "gnu++14";
				CLANG_CXX_LIBRARY = "libc++";
				CLANG_ENABLE_MODULES = YES;
				CLANG_ENABLE_OBJC_ARC = YES;
				CLANG_WARN_BLOCK_CAPTURE_AUTORELEASING = YES;
				CLANG_WARN_BOOL_CONVERSION = YES;
				CLANG_WARN_COMMA = YES;
				CLANG_WARN_CONSTANT_CONVERSION = YES;
				CLANG_WARN_DIRECT_OBJC_ISA_USAGE = YES_ERROR;
				CLANG_WARN_DOCUMENTATION_COMMENTS = YES;
				CLANG_WARN_EMPTY_BODY = YES;
				CLANG_WARN_ENUM_CONVERSION = YES;
				CLANG_WARN_INFINITE_RECURSION = YES;
				CLANG_WARN_INT_CONVERSION = YES;
				CLANG_WARN_NON_LITERAL_NULL_CONVERSION = YES;
				CLANG_WARN_OBJC_LITERAL_CONVERSION = YES;
				CLANG_WARN_OBJC_ROOT_CLASS = YES_ERROR;
				CLANG_WARN_RANGE_LOOP_ANALYSIS = YES;
				CLANG_WARN_STRICT_PROTOTYPES = YES;
				CLANG_WARN_SUSPICIOUS_MOVE = YES;
				CLANG_WARN_UNGUARDED_AVAILABILITY = YES_AGGRESSIVE;
				CLANG_WARN_UNREACHABLE_CODE = YES;
				CLANG_WARN__DUPLICATE_METHOD_MATCH = YES;
				CODE_SIGN_IDENTITY = "iPhone Developer";
				COPY_PHASE_STRIP = NO;
				DEBUG_INFORMATION_FORMAT = "dwarf-with-dsym";
				ENABLE_NS_ASSERTIONS = NO;
				ENABLE_STRICT_OBJC_MSGSEND = YES;
				GCC_C_LANGUAGE_STANDARD = gnu11;
				GCC_NO_COMMON_BLOCKS = YES;
				GCC_WARN_64_TO_32_BIT_CONVERSION = YES;
				GCC_WARN_ABOUT_RETURN_TYPE = YES_ERROR;
				GCC_WARN_UNDECLARED_SELECTOR = YES;
				GCC_WARN_UNINITIALIZED_AUTOS = YES_AGGRESSIVE;
				GCC_WARN_UNUSED_FUNCTION = YES;
				GCC_WARN_UNUSED_VARIABLE = YES;
				IPHONEOS_DEPLOYMENT_TARGET = 11.2;
				MTL_ENABLE_DEBUG_INFO = NO;
				SDKROOT = iphoneos;
				SWIFT_OPTIMIZATION_LEVEL = "-Owholemodule";
				VALIDATE_PRODUCT = YES;
			};
			name = Release;
		};
		DB049DF72019FB0C0078D134 /* Debug */ = {
			isa = XCBuildConfiguration;
			buildSettings = {
				ASSETCATALOG_COMPILER_APPICON_NAME = AppIcon;
				CODE_SIGN_STYLE = Automatic;
				DEVELOPMENT_TEAM = 24WK7G7TU3;
				INFOPLIST_FILE = Catmash/Info.plist;
				IPHONEOS_DEPLOYMENT_TARGET = 10.0;
				LD_RUNPATH_SEARCH_PATHS = "$(inherited) @executable_path/Frameworks";
				PRODUCT_BUNDLE_IDENTIFIER = com.acontass.Catmash;
				PRODUCT_NAME = "$(TARGET_NAME)";
				SWIFT_VERSION = 4.0;
				TARGETED_DEVICE_FAMILY = "1,2";
			};
			name = Debug;
		};
		DB049DF82019FB0C0078D134 /* Release */ = {
			isa = XCBuildConfiguration;
			buildSettings = {
				ASSETCATALOG_COMPILER_APPICON_NAME = AppIcon;
				CODE_SIGN_STYLE = Automatic;
				DEVELOPMENT_TEAM = 24WK7G7TU3;
				INFOPLIST_FILE = Catmash/Info.plist;
				IPHONEOS_DEPLOYMENT_TARGET = 10.0;
				LD_RUNPATH_SEARCH_PATHS = "$(inherited) @executable_path/Frameworks";
				PRODUCT_BUNDLE_IDENTIFIER = com.acontass.Catmash;
				PRODUCT_NAME = "$(TARGET_NAME)";
				SWIFT_VERSION = 4.0;
				TARGETED_DEVICE_FAMILY = "1,2";
			};
			name = Release;
		};
/* End XCBuildConfiguration section */

/* Begin XCConfigurationList section */
		DB049DDF2019FB0C0078D134 /* Build configuration list for PBXProject "Catmash" */ = {
			isa = XCConfigurationList;
			buildConfigurations = (
				DB049DF42019FB0C0078D134 /* Debug */,
				DB049DF52019FB0C0078D134 /* Release */,
			);
			defaultConfigurationIsVisible = 0;
			defaultConfigurationName = Release;
		};
		DB049DF62019FB0C0078D134 /* Build configuration list for PBXNativeTarget "Catmash" */ = {
			isa = XCConfigurationList;
			buildConfigurations = (
				DB049DF72019FB0C0078D134 /* Debug */,
				DB049DF82019FB0C0078D134 /* Release */,
			);
			defaultConfigurationIsVisible = 0;
			defaultConfigurationName = Release;
		};
/* End XCConfigurationList section */
	};
	rootObject = DB049DDC2019FB0C0078D134 /* Project object */;
}
